
Microsoft Visual Studio Solution File, Format Version 12.00
# Visual Studio Version 17
VisualStudioVersion = 17.7.34031.279
MinimumVisualStudioVersion = 10.0.40219.1
Project("{FAE04EC0-301F-11D3-BF4B-00C04F79EFBC}") = "LAB10", "LAB10\LAB10.csproj", "{325ECB61-2ADF-4E98-BF09-288E0FE6252C}"
EndProject
Global
	GlobalSection(SolutionConfigurationPlatforms) = preSolution
		Debug|Any CPU = Debug|Any CPU
		Release|Any CPU = Release|Any CPU
	EndGlobalSection
	GlobalSection(ProjectConfigurationPlatforms) = postSolution
		{325ECB61-2ADF-4E98-BF09-288E0FE6252C}.Debug|Any CPU.ActiveCfg = Debug|Any CPU
		{325ECB61-2ADF-4E98-BF09-288E0FE6252C}.Debug|Any CPU.Build.0 = Debug|Any CPU
		{325ECB61-2ADF-4E98-BF09-288E0FE6252C}.Release|Any CPU.ActiveCfg = Release|Any CPU
		{325ECB61-2ADF-4E98-BF09-288E0FE6252C}.Release|Any CPU.Build.0 = Release|Any CPU
	EndGlobalSection
	GlobalSection(SolutionProperties) = preSolution
		HideSolutionNode = FALSE
	EndGlobalSection
	GlobalSection(ExtensibilityGlobals) = postSolution
		SolutionGuid = {0A5348DA-1F44-4666-A661-C1FC725B912F}
	EndGlobalSection
EndGlobal
